
Microsoft Visual Studio Solution File, Format Version 12.00
# Visual Studio Version 16
VisualStudioVersion = 16.0.30413.136
MinimumVisualStudioVersion = 10.0.40219.1
Project("{9A19103F-16F7-4668-BE54-9A1E7A4F7556}") = "LVD.Stakhanovise.NET", "LVD.Stakhanovise.NET\LVD.Stakhanovise.NET.csproj", "{CF35AE67-910A-42DF-A939-25E1A1CF47D8}"
EndProject
Project("{9A19103F-16F7-4668-BE54-9A1E7A4F7556}") = "LVD.Stakhanovise.NET.Tests", "LVD.Stakhanovise.NET.Tests\LVD.Stakhanovise.NET.Tests.csproj", "{A01D2FAD-25C2-462F-840F-1F3079DDD818}"
EndProject
Project("{2150E333-8FDC-42A3-9474-1A3956D46DE8}") = "Solution Items", "Solution Items", "{95A5A89B-03C9-4CD0-9AD4-D0D692B19FB4}"
	ProjectSection(SolutionItems) = preProject
		.gitignore = .gitignore
		LICENSE = LICENSE
		logo.png = logo.png
		_Docs\overall-arch-diagram.png = _Docs\overall-arch-diagram.png
		README-BUILTIN-APPMETRICS.md = README-BUILTIN-APPMETRICS.md
		README-CONFIG.md = README-CONFIG.md
		README-DB.md = README-DB.md
		README.md = README.md
	EndProjectSection
EndProject
Project("{9A19103F-16F7-4668-BE54-9A1E7A4F7556}") = "LVD.Stakhanovise.NET.Logging.Log4NetLogging", "LVD.Stakhanovise.NET.Logging.Log4NetLogging\LVD.Stakhanovise.NET.Logging.Log4NetLogging.csproj", "{5334E253-9BC2-4C45-83F1-99091726EA39}"
EndProject
Project("{9A19103F-16F7-4668-BE54-9A1E7A4F7556}") = "LVD.Stakhanovise.NET.Samples.FileHasher", "LVD.Stakhanovise.NET.Samples.FileHasher\LVD.Stakhanovise.NET.Samples.FileHasher.csproj", "{95601803-0338-40AD-BF0E-85539092C8F2}"
EndProject
Project("{9A19103F-16F7-4668-BE54-9A1E7A4F7556}") = "LVD.Stakhanovise.NET.Logging.NLogLogging", "LVD.Stakhanovise.NET.Logging.NLogLogging\LVD.Stakhanovise.NET.Logging.NLogLogging.csproj", "{2CA53B43-F088-4FCD-B459-17148CB24C93}"
EndProject
Project("{9A19103F-16F7-4668-BE54-9A1E7A4F7556}") = "LVD.Stakhanovise.NET.IoC.NInject", "LVD.Stakhanovise.NET.IoC.NInject\LVD.Stakhanovise.NET.IoC.NInject.csproj", "{C2C96455-6A2A-4BD7-BE1E-C5823701FC01}"
EndProject
Project("{9A19103F-16F7-4668-BE54-9A1E7A4F7556}") = "LVD.Stakhanovise.NET.NetCoreConfigurationExtensionsBindings", "LVD.Stakhanovise.NET.NetCoreConfigurationExtensionsBindings\LVD.Stakhanovise.NET.NetCoreConfigurationExtensionsBindings.csproj", "{24581D02-8C7C-44CF-B0C4-697C9BC4FA52}"
EndProject
Project("{9A19103F-16F7-4668-BE54-9A1E7A4F7556}") = "LVD.Stakhanovise.NET.IoC.CastleWindsor", "LVD.Stakhanovise.NET.IoC.CastleWindsor\LVD.Stakhanovise.NET.IoC.CastleWindsor.csproj", "{EE4C6C6E-0081-4C03-AA14-80283407FF79}"
EndProject
Project("{9A19103F-16F7-4668-BE54-9A1E7A4F7556}") = "LVD.Stakhanovise.NET.Ioc.StructureMap", "LVD.Stakhanovise.NET.Ioc.StructureMap\LVD.Stakhanovise.NET.Ioc.StructureMap.csproj", "{8084811E-8CAE-4F98-ACD0-FD3C8404B922}"
EndProject
Project("{9A19103F-16F7-4668-BE54-9A1E7A4F7556}") = "LVD.Stakhanovise.NET.Logging.Serilog", "LVD.Stakhanovise.NET.Logging.Serilog\LVD.Stakhanovise.NET.Logging.Serilog.csproj", "{CEA42415-92A4-469A-9BBB-72E4DE57D2A3}"
EndProject
Project("{9A19103F-16F7-4668-BE54-9A1E7A4F7556}") = "LVD.Stakhanovise.NET.NetCoreConfigurationExtensionsBindings.Tests", "LVD.Stakhanovise.NET.NetCoreConfigurationExtensionsBindings.Tests\LVD.Stakhanovise.NET.NetCoreConfigurationExtensionsBindings.Tests.csproj", "{81518143-5824-414B-8BCA-0789E502DE85}"
EndProject
Project("{FAE04EC0-301F-11D3-BF4B-00C04F79EFBC}") = "LVD.Stakhanovise.NET.Logging.Log4NetLogging.Tests", "LVD.Stakhanovise.NET.Logging.Log4NetLogging.Tests\LVD.Stakhanovise.NET.Logging.Log4NetLogging.Tests.csproj", "{247BCB47-799C-4A50-83FD-94EE4671B03A}"
EndProject
Global
	GlobalSection(SolutionConfigurationPlatforms) = preSolution
		Debug|Any CPU = Debug|Any CPU
		Release|Any CPU = Release|Any CPU
	EndGlobalSection
	GlobalSection(ProjectConfigurationPlatforms) = postSolution
		{CF35AE67-910A-42DF-A939-25E1A1CF47D8}.Debug|Any CPU.ActiveCfg = Debug|Any CPU
		{CF35AE67-910A-42DF-A939-25E1A1CF47D8}.Debug|Any CPU.Build.0 = Debug|Any CPU
		{CF35AE67-910A-42DF-A939-25E1A1CF47D8}.Release|Any CPU.ActiveCfg = Release|Any CPU
		{CF35AE67-910A-42DF-A939-25E1A1CF47D8}.Release|Any CPU.Build.0 = Release|Any CPU
		{A01D2FAD-25C2-462F-840F-1F3079DDD818}.Debug|Any CPU.ActiveCfg = Debug|Any CPU
		{A01D2FAD-25C2-462F-840F-1F3079DDD818}.Debug|Any CPU.Build.0 = Debug|Any CPU
		{A01D2FAD-25C2-462F-840F-1F3079DDD818}.Release|Any CPU.ActiveCfg = Release|Any CPU
		{A01D2FAD-25C2-462F-840F-1F3079DDD818}.Release|Any CPU.Build.0 = Release|Any CPU
		{5334E253-9BC2-4C45-83F1-99091726EA39}.Debug|Any CPU.ActiveCfg = Debug|Any CPU
		{5334E253-9BC2-4C45-83F1-99091726EA39}.Debug|Any CPU.Build.0 = Debug|Any CPU
		{5334E253-9BC2-4C45-83F1-99091726EA39}.Release|Any CPU.ActiveCfg = Release|Any CPU
		{5334E253-9BC2-4C45-83F1-99091726EA39}.Release|Any CPU.Build.0 = Release|Any CPU
		{95601803-0338-40AD-BF0E-85539092C8F2}.Debug|Any CPU.ActiveCfg = Debug|Any CPU
		{95601803-0338-40AD-BF0E-85539092C8F2}.Debug|Any CPU.Build.0 = Debug|Any CPU
		{95601803-0338-40AD-BF0E-85539092C8F2}.Release|Any CPU.ActiveCfg = Release|Any CPU
		{95601803-0338-40AD-BF0E-85539092C8F2}.Release|Any CPU.Build.0 = Release|Any CPU
		{2CA53B43-F088-4FCD-B459-17148CB24C93}.Debug|Any CPU.ActiveCfg = Debug|Any CPU
		{2CA53B43-F088-4FCD-B459-17148CB24C93}.Debug|Any CPU.Build.0 = Debug|Any CPU
		{2CA53B43-F088-4FCD-B459-17148CB24C93}.Release|Any CPU.ActiveCfg = Release|Any CPU
		{2CA53B43-F088-4FCD-B459-17148CB24C93}.Release|Any CPU.Build.0 = Release|Any CPU
		{C2C96455-6A2A-4BD7-BE1E-C5823701FC01}.Debug|Any CPU.ActiveCfg = Debug|Any CPU
		{C2C96455-6A2A-4BD7-BE1E-C5823701FC01}.Debug|Any CPU.Build.0 = Debug|Any CPU
		{C2C96455-6A2A-4BD7-BE1E-C5823701FC01}.Release|Any CPU.ActiveCfg = Release|Any CPU
		{C2C96455-6A2A-4BD7-BE1E-C5823701FC01}.Release|Any CPU.Build.0 = Release|Any CPU
		{24581D02-8C7C-44CF-B0C4-697C9BC4FA52}.Debug|Any CPU.ActiveCfg = Debug|Any CPU
		{24581D02-8C7C-44CF-B0C4-697C9BC4FA52}.Debug|Any CPU.Build.0 = Debug|Any CPU
		{24581D02-8C7C-44CF-B0C4-697C9BC4FA52}.Release|Any CPU.ActiveCfg = Release|Any CPU
		{24581D02-8C7C-44CF-B0C4-697C9BC4FA52}.Release|Any CPU.Build.0 = Release|Any CPU
		{EE4C6C6E-0081-4C03-AA14-80283407FF79}.Debug|Any CPU.ActiveCfg = Debug|Any CPU
		{EE4C6C6E-0081-4C03-AA14-80283407FF79}.Debug|Any CPU.Build.0 = Debug|Any CPU
		{EE4C6C6E-0081-4C03-AA14-80283407FF79}.Release|Any CPU.ActiveCfg = Release|Any CPU
		{EE4C6C6E-0081-4C03-AA14-80283407FF79}.Release|Any CPU.Build.0 = Release|Any CPU
		{8084811E-8CAE-4F98-ACD0-FD3C8404B922}.Debug|Any CPU.ActiveCfg = Debug|Any CPU
		{8084811E-8CAE-4F98-ACD0-FD3C8404B922}.Debug|Any CPU.Build.0 = Debug|Any CPU
		{8084811E-8CAE-4F98-ACD0-FD3C8404B922}.Release|Any CPU.ActiveCfg = Release|Any CPU
		{8084811E-8CAE-4F98-ACD0-FD3C8404B922}.Release|Any CPU.Build.0 = Release|Any CPU
		{CEA42415-92A4-469A-9BBB-72E4DE57D2A3}.Debug|Any CPU.ActiveCfg = Debug|Any CPU
		{CEA42415-92A4-469A-9BBB-72E4DE57D2A3}.Debug|Any CPU.Build.0 = Debug|Any CPU
		{CEA42415-92A4-469A-9BBB-72E4DE57D2A3}.Release|Any CPU.ActiveCfg = Release|Any CPU
		{CEA42415-92A4-469A-9BBB-72E4DE57D2A3}.Release|Any CPU.Build.0 = Release|Any CPU
		{81518143-5824-414B-8BCA-0789E502DE85}.Debug|Any CPU.ActiveCfg = Debug|Any CPU
		{81518143-5824-414B-8BCA-0789E502DE85}.Debug|Any CPU.Build.0 = Debug|Any CPU
		{81518143-5824-414B-8BCA-0789E502DE85}.Release|Any CPU.ActiveCfg = Release|Any CPU
		{81518143-5824-414B-8BCA-0789E502DE85}.Release|Any CPU.Build.0 = Release|Any CPU
		{247BCB47-799C-4A50-83FD-94EE4671B03A}.Debug|Any CPU.ActiveCfg = Debug|Any CPU
		{247BCB47-799C-4A50-83FD-94EE4671B03A}.Debug|Any CPU.Build.0 = Debug|Any CPU
		{247BCB47-799C-4A50-83FD-94EE4671B03A}.Release|Any CPU.ActiveCfg = Release|Any CPU
		{247BCB47-799C-4A50-83FD-94EE4671B03A}.Release|Any CPU.Build.0 = Release|Any CPU
	EndGlobalSection
	GlobalSection(SolutionProperties) = preSolution
		HideSolutionNode = FALSE
	EndGlobalSection
	GlobalSection(ExtensibilityGlobals) = postSolution
		SolutionGuid = {7257DD3E-0CDA-4722-A635-469CB9494445}
	EndGlobalSection
EndGlobal
