
Microsoft Visual Studio Solution File, Format Version 12.00
# Visual Studio Version 16
VisualStudioVersion = 16.0.30413.136
MinimumVisualStudioVersion = 10.0.40219.1
Project("{9A19103F-16F7-4668-BE54-9A1E7A4F7556}") = "LVD.Stakhanovise.NET", "LVD.Stakhanovise.NET\LVD.Stakhanovise.NET.csproj", "{CF35AE67-910A-42DF-A939-25E1A1CF47D8}"
EndProject
Project("{9A19103F-16F7-4668-BE54-9A1E7A4F7556}") = "LVD.Stakhanovise.NET.Tests", "LVD.Stakhanovise.NET.Tests\LVD.Stakhanovise.NET.Tests.csproj", "{A01D2FAD-25C2-462F-840F-1F3079DDD818}"
EndProject
Project("{2150E333-8FDC-42A3-9474-1A3956D46DE8}") = "Solution Items", "Solution Items", "{95A5A89B-03C9-4CD0-9AD4-D0D692B19FB4}"
	ProjectSection(SolutionItems) = preProject
		.gitignore = .gitignore
		LICENSE = LICENSE
		..\..\Assets\elements-15-mining-and-coal-icons-FKJHLX-2017-10-11\256px\logo.png = ..\..\Assets\elements-15-mining-and-coal-icons-FKJHLX-2017-10-11\256px\logo.png
		README.md = README.md
	EndProjectSection
EndProject
Project("{9A19103F-16F7-4668-BE54-9A1E7A4F7556}") = "LVD.Stakhanovise.NET.Logging.Log4NetLogging", "LVD.Stakhanovise.NET.Logging.Log4NetLogging\LVD.Stakhanovise.NET.Logging.Log4NetLogging.csproj", "{5334E253-9BC2-4C45-83F1-99091726EA39}"
EndProject
Project("{9A19103F-16F7-4668-BE54-9A1E7A4F7556}") = "LVD.Stakhanovise.NET.Samples.FileHasher", "LVD.Stakhanovise.NET.Samples.FileHasher\LVD.Stakhanovise.NET.Samples.FileHasher.csproj", "{95601803-0338-40AD-BF0E-85539092C8F2}"
EndProject
Project("{9A19103F-16F7-4668-BE54-9A1E7A4F7556}") = "LVD.Stakhanovise.NET.Logging.NLogLogging", "LVD.Stakhanovise.NET.Logging.NLogLogging\LVD.Stakhanovise.NET.Logging.NLogLogging.csproj", "{2CA53B43-F088-4FCD-B459-17148CB24C93}"
EndProject
Project("{9A19103F-16F7-4668-BE54-9A1E7A4F7556}") = "LVD.Stakhanovise.NET.IoC.NInject", "LVD.Stakhanovise.NET.IoC.NInject\LVD.Stakhanovise.NET.IoC.NInject.csproj", "{C2C96455-6A2A-4BD7-BE1E-C5823701FC01}"
EndProject
Global
	GlobalSection(SolutionConfigurationPlatforms) = preSolution
		Debug|Any CPU = Debug|Any CPU
		Release|Any CPU = Release|Any CPU
	EndGlobalSection
	GlobalSection(ProjectConfigurationPlatforms) = postSolution
		{CF35AE67-910A-42DF-A939-25E1A1CF47D8}.Debug|Any CPU.ActiveCfg = Debug|Any CPU
		{CF35AE67-910A-42DF-A939-25E1A1CF47D8}.Debug|Any CPU.Build.0 = Debug|Any CPU
		{CF35AE67-910A-42DF-A939-25E1A1CF47D8}.Release|Any CPU.ActiveCfg = Release|Any CPU
		{CF35AE67-910A-42DF-A939-25E1A1CF47D8}.Release|Any CPU.Build.0 = Release|Any CPU
		{A01D2FAD-25C2-462F-840F-1F3079DDD818}.Debug|Any CPU.ActiveCfg = Debug|Any CPU
		{A01D2FAD-25C2-462F-840F-1F3079DDD818}.Debug|Any CPU.Build.0 = Debug|Any CPU
		{A01D2FAD-25C2-462F-840F-1F3079DDD818}.Release|Any CPU.ActiveCfg = Release|Any CPU
		{A01D2FAD-25C2-462F-840F-1F3079DDD818}.Release|Any CPU.Build.0 = Release|Any CPU
		{5334E253-9BC2-4C45-83F1-99091726EA39}.Debug|Any CPU.ActiveCfg = Debug|Any CPU
		{5334E253-9BC2-4C45-83F1-99091726EA39}.Debug|Any CPU.Build.0 = Debug|Any CPU
		{5334E253-9BC2-4C45-83F1-99091726EA39}.Release|Any CPU.ActiveCfg = Release|Any CPU
		{5334E253-9BC2-4C45-83F1-99091726EA39}.Release|Any CPU.Build.0 = Release|Any CPU
		{95601803-0338-40AD-BF0E-85539092C8F2}.Debug|Any CPU.ActiveCfg = Debug|Any CPU
		{95601803-0338-40AD-BF0E-85539092C8F2}.Debug|Any CPU.Build.0 = Debug|Any CPU
		{95601803-0338-40AD-BF0E-85539092C8F2}.Release|Any CPU.ActiveCfg = Release|Any CPU
		{95601803-0338-40AD-BF0E-85539092C8F2}.Release|Any CPU.Build.0 = Release|Any CPU
		{2CA53B43-F088-4FCD-B459-17148CB24C93}.Debug|Any CPU.ActiveCfg = Debug|Any CPU
		{2CA53B43-F088-4FCD-B459-17148CB24C93}.Debug|Any CPU.Build.0 = Debug|Any CPU
		{2CA53B43-F088-4FCD-B459-17148CB24C93}.Release|Any CPU.ActiveCfg = Release|Any CPU
		{2CA53B43-F088-4FCD-B459-17148CB24C93}.Release|Any CPU.Build.0 = Release|Any CPU
		{C2C96455-6A2A-4BD7-BE1E-C5823701FC01}.Debug|Any CPU.ActiveCfg = Debug|Any CPU
		{C2C96455-6A2A-4BD7-BE1E-C5823701FC01}.Debug|Any CPU.Build.0 = Debug|Any CPU
		{C2C96455-6A2A-4BD7-BE1E-C5823701FC01}.Release|Any CPU.ActiveCfg = Release|Any CPU
		{C2C96455-6A2A-4BD7-BE1E-C5823701FC01}.Release|Any CPU.Build.0 = Release|Any CPU
	EndGlobalSection
	GlobalSection(SolutionProperties) = preSolution
		HideSolutionNode = FALSE
	EndGlobalSection
	GlobalSection(ExtensibilityGlobals) = postSolution
		SolutionGuid = {7257DD3E-0CDA-4722-A635-469CB9494445}
	EndGlobalSection
EndGlobal
